// !$*UTF8*$!
{
	archiveVersion = 1;
	classes = {
	};
	objectVersion = 46;
	objects = {

/* Begin PBXBuildFile section */
		68A573481C325CAA00ADFED4 /* AppDelegate.swift in Sources */ = {isa = PBXBuildFile; fileRef = 68A573471C325CAA00ADFED4 /* AppDelegate.swift */; };
		68A5734A1C325CAA00ADFED4 /* ViewController.swift in Sources */ = {isa = PBXBuildFile; fileRef = 68A573491C325CAA00ADFED4 /* ViewController.swift */; };
		68A5734D1C325CAA00ADFED4 /* Main.storyboard in Resources */ = {isa = PBXBuildFile; fileRef = 68A5734B1C325CAA00ADFED4 /* Main.storyboard */; };
		68A5734F1C325CAA00ADFED4 /* Assets.xcassets in Resources */ = {isa = PBXBuildFile; fileRef = 68A5734E1C325CAA00ADFED4 /* Assets.xcassets */; };
		68A573521C325CAA00ADFED4 /* LaunchScreen.storyboard in Resources */ = {isa = PBXBuildFile; fileRef = 68A573501C325CAA00ADFED4 /* LaunchScreen.storyboard */; };
		68A5735A1C32745200ADFED4 /* CoreLocation.framework in Frameworks */ = {isa = PBXBuildFile; fileRef = 68A573591C32745200ADFED4 /* CoreLocation.framework */; };
		68A5735C1C335F7100ADFED4 /* Foundation.framework in Frameworks */ = {isa = PBXBuildFile; fileRef = 68A5735B1C335F7100ADFED4 /* Foundation.framework */; };
		68A573A01C350D0600ADFED4 /* Moon-Phase-Full-icon.png in Resources */ = {isa = PBXBuildFile; fileRef = 68A5739E1C350D0600ADFED4 /* Moon-Phase-Full-icon.png */; };
		68A573A11C350D0600ADFED4 /* weather-clear-icon.png in Resources */ = {isa = PBXBuildFile; fileRef = 68A5739F1C350D0600ADFED4 /* weather-clear-icon.png */; };
		68A573D31C350EC500ADFED4 /* 0.png in Resources */ = {isa = PBXBuildFile; fileRef = 68A573A21C350EC500ADFED4 /* 0.png */; };
		68A573D41C350EC500ADFED4 /* 1.png in Resources */ = {isa = PBXBuildFile; fileRef = 68A573A31C350EC500ADFED4 /* 1.png */; };
		68A573D51C350EC500ADFED4 /* 2.png in Resources */ = {isa = PBXBuildFile; fileRef = 68A573A41C350EC500ADFED4 /* 2.png */; };
		68A573D61C350EC500ADFED4 /* 3.png in Resources */ = {isa = PBXBuildFile; fileRef = 68A573A51C350EC500ADFED4 /* 3.png */; };
		68A573D71C350EC500ADFED4 /* 4.png in Resources */ = {isa = PBXBuildFile; fileRef = 68A573A61C350EC500ADFED4 /* 4.png */; };
		68A573D81C350EC500ADFED4 /* 5.png in Resources */ = {isa = PBXBuildFile; fileRef = 68A573A71C350EC500ADFED4 /* 5.png */; };
		68A573D91C350EC500ADFED4 /* 6.png in Resources */ = {isa = PBXBuildFile; fileRef = 68A573A81C350EC500ADFED4 /* 6.png */; };
		68A573DA1C350EC500ADFED4 /* 7.png in Resources */ = {isa = PBXBuildFile; fileRef = 68A573A91C350EC500ADFED4 /* 7.png */; };
		68A573DB1C350EC500ADFED4 /* 8.png in Resources */ = {isa = PBXBuildFile; fileRef = 68A573AA1C350EC500ADFED4 /* 8.png */; };
		68A573DC1C350EC500ADFED4 /* 9.png in Resources */ = {isa = PBXBuildFile; fileRef = 68A573AB1C350EC500ADFED4 /* 9.png */; };
		68A573DD1C350EC500ADFED4 /* 10.png in Resources */ = {isa = PBXBuildFile; fileRef = 68A573AC1C350EC500ADFED4 /* 10.png */; };
		68A573DE1C350EC500ADFED4 /* 11.png in Resources */ = {isa = PBXBuildFile; fileRef = 68A573AD1C350EC500ADFED4 /* 11.png */; };
		68A573DF1C350EC500ADFED4 /* 12.png in Resources */ = {isa = PBXBuildFile; fileRef = 68A573AE1C350EC500ADFED4 /* 12.png */; };
		68A573E01C350EC500ADFED4 /* 13.png in Resources */ = {isa = PBXBuildFile; fileRef = 68A573AF1C350EC500ADFED4 /* 13.png */; };
		68A573E11C350EC500ADFED4 /* 14.png in Resources */ = {isa = PBXBuildFile; fileRef = 68A573B01C350EC500ADFED4 /* 14.png */; };
		68A573E21C350EC500ADFED4 /* 15.png in Resources */ = {isa = PBXBuildFile; fileRef = 68A573B11C350EC500ADFED4 /* 15.png */; };
		68A573E31C350EC500ADFED4 /* 16.png in Resources */ = {isa = PBXBuildFile; fileRef = 68A573B21C350EC500ADFED4 /* 16.png */; };
		68A573E41C350EC500ADFED4 /* 17.png in Resources */ = {isa = PBXBuildFile; fileRef = 68A573B31C350EC500ADFED4 /* 17.png */; };
		68A573E51C350EC500ADFED4 /* 18.png in Resources */ = {isa = PBXBuildFile; fileRef = 68A573B41C350EC500ADFED4 /* 18.png */; };
		68A573E61C350EC500ADFED4 /* 19.png in Resources */ = {isa = PBXBuildFile; fileRef = 68A573B51C350EC500ADFED4 /* 19.png */; };
		68A573E71C350EC500ADFED4 /* 20.png in Resources */ = {isa = PBXBuildFile; fileRef = 68A573B61C350EC500ADFED4 /* 20.png */; };
		68A573E81C350EC500ADFED4 /* 21.png in Resources */ = {isa = PBXBuildFile; fileRef = 68A573B71C350EC500ADFED4 /* 21.png */; };
		68A573E91C350EC500ADFED4 /* 22.png in Resources */ = {isa = PBXBuildFile; fileRef = 68A573B81C350EC500ADFED4 /* 22.png */; };
		68A573EA1C350EC500ADFED4 /* 23.png in Resources */ = {isa = PBXBuildFile; fileRef = 68A573B91C350EC500ADFED4 /* 23.png */; };
		68A573EB1C350EC500ADFED4 /* 24.png in Resources */ = {isa = PBXBuildFile; fileRef = 68A573BA1C350EC500ADFED4 /* 24.png */; };
		68A573EC1C350EC500ADFED4 /* 25.png in Resources */ = {isa = PBXBuildFile; fileRef = 68A573BB1C350EC500ADFED4 /* 25.png */; };
		68A573ED1C350EC500ADFED4 /* 26.png in Resources */ = {isa = PBXBuildFile; fileRef = 68A573BC1C350EC500ADFED4 /* 26.png */; };
		68A573EE1C350EC500ADFED4 /* 27.png in Resources */ = {isa = PBXBuildFile; fileRef = 68A573BD1C350EC500ADFED4 /* 27.png */; };
		68A573EF1C350EC500ADFED4 /* 28.png in Resources */ = {isa = PBXBuildFile; fileRef = 68A573BE1C350EC500ADFED4 /* 28.png */; };
		68A573F01C350EC500ADFED4 /* 29.png in Resources */ = {isa = PBXBuildFile; fileRef = 68A573BF1C350EC500ADFED4 /* 29.png */; };
		68A573F11C350EC500ADFED4 /* 30.png in Resources */ = {isa = PBXBuildFile; fileRef = 68A573C01C350EC500ADFED4 /* 30.png */; };
		68A573F21C350EC500ADFED4 /* 31.png in Resources */ = {isa = PBXBuildFile; fileRef = 68A573C11C350EC500ADFED4 /* 31.png */; };
		68A573F31C350EC500ADFED4 /* 32.png in Resources */ = {isa = PBXBuildFile; fileRef = 68A573C21C350EC500ADFED4 /* 32.png */; };
		68A573F41C350EC500ADFED4 /* 33.png in Resources */ = {isa = PBXBuildFile; fileRef = 68A573C31C350EC500ADFED4 /* 33.png */; };
		68A573F51C350EC500ADFED4 /* 34.png in Resources */ = {isa = PBXBuildFile; fileRef = 68A573C41C350EC500ADFED4 /* 34.png */; };
		68A573F61C350EC500ADFED4 /* 35.png in Resources */ = {isa = PBXBuildFile; fileRef = 68A573C51C350EC500ADFED4 /* 35.png */; };
		68A573F71C350EC500ADFED4 /* 36.png in Resources */ = {isa = PBXBuildFile; fileRef = 68A573C61C350EC500ADFED4 /* 36.png */; };
		68A573F81C350EC500ADFED4 /* 37.png in Resources */ = {isa = PBXBuildFile; fileRef = 68A573C71C350EC500ADFED4 /* 37.png */; };
		68A573F91C350EC500ADFED4 /* 38.png in Resources */ = {isa = PBXBuildFile; fileRef = 68A573C81C350EC500ADFED4 /* 38.png */; };
		68A573FA1C350EC500ADFED4 /* 39.png in Resources */ = {isa = PBXBuildFile; fileRef = 68A573C91C350EC500ADFED4 /* 39.png */; };
		68A573FB1C350EC500ADFED4 /* 40.png in Resources */ = {isa = PBXBuildFile; fileRef = 68A573CA1C350EC500ADFED4 /* 40.png */; };
		68A573FC1C350EC500ADFED4 /* 41.png in Resources */ = {isa = PBXBuildFile; fileRef = 68A573CB1C350EC500ADFED4 /* 41.png */; };
		68A573FD1C350EC500ADFED4 /* 42.png in Resources */ = {isa = PBXBuildFile; fileRef = 68A573CC1C350EC500ADFED4 /* 42.png */; };
		68A573FE1C350EC500ADFED4 /* 43.png in Resources */ = {isa = PBXBuildFile; fileRef = 68A573CD1C350EC500ADFED4 /* 43.png */; };
		68A573FF1C350EC500ADFED4 /* 44.png in Resources */ = {isa = PBXBuildFile; fileRef = 68A573CE1C350EC500ADFED4 /* 44.png */; };
		68A574001C350EC500ADFED4 /* 45.png in Resources */ = {isa = PBXBuildFile; fileRef = 68A573CF1C350EC500ADFED4 /* 45.png */; };
		68A574011C350EC500ADFED4 /* 46.png in Resources */ = {isa = PBXBuildFile; fileRef = 68A573D01C350EC500ADFED4 /* 46.png */; };
		68A574021C350EC500ADFED4 /* 47.png in Resources */ = {isa = PBXBuildFile; fileRef = 68A573D11C350EC500ADFED4 /* 47.png */; };
		68A574031C350EC500ADFED4 /* na.png in Resources */ = {isa = PBXBuildFile; fileRef = 68A573D21C350EC500ADFED4 /* na.png */; };
		68A574051C360DC800ADFED4 /* 32_svg.svg in Resources */ = {isa = PBXBuildFile; fileRef = 68A574041C360DC800ADFED4 /* 32_svg.svg */; };
		68A574091C386F1C00ADFED4 /* MakeHTTPRequest.swift in Sources */ = {isa = PBXBuildFile; fileRef = 68A574081C386F1B00ADFED4 /* MakeHTTPRequest.swift */; };
/* End PBXBuildFile section */

/* Begin PBXFileReference section */
		68A573441C325CAA00ADFED4 /* weather.app */ = {isa = PBXFileReference; explicitFileType = wrapper.application; includeInIndex = 0; path = weather.app; sourceTree = BUILT_PRODUCTS_DIR; };
		68A573471C325CAA00ADFED4 /* AppDelegate.swift */ = {isa = PBXFileReference; lastKnownFileType = sourcecode.swift; path = AppDelegate.swift; sourceTree = "<group>"; };
		68A573491C325CAA00ADFED4 /* ViewController.swift */ = {isa = PBXFileReference; lastKnownFileType = sourcecode.swift; path = ViewController.swift; sourceTree = "<group>"; };
		68A5734C1C325CAA00ADFED4 /* Base */ = {isa = PBXFileReference; lastKnownFileType = file.storyboard; name = Base; path = Base.lproj/Main.storyboard; sourceTree = "<group>"; };
		68A5734E1C325CAA00ADFED4 /* Assets.xcassets */ = {isa = PBXFileReference; lastKnownFileType = folder.assetcatalog; path = Assets.xcassets; sourceTree = "<group>"; };
		68A573511C325CAA00ADFED4 /* Base */ = {isa = PBXFileReference; lastKnownFileType = file.storyboard; name = Base; path = Base.lproj/LaunchScreen.storyboard; sourceTree = "<group>"; };
		68A573531C325CAA00ADFED4 /* Info.plist */ = {isa = PBXFileReference; lastKnownFileType = text.plist.xml; path = Info.plist; sourceTree = "<group>"; };
		68A573591C32745200ADFED4 /* CoreLocation.framework */ = {isa = PBXFileReference; lastKnownFileType = wrapper.framework; name = CoreLocation.framework; path = System/Library/Frameworks/CoreLocation.framework; sourceTree = SDKROOT; };
		68A5735B1C335F7100ADFED4 /* Foundation.framework */ = {isa = PBXFileReference; lastKnownFileType = wrapper.framework; name = Foundation.framework; path = System/Library/Frameworks/Foundation.framework; sourceTree = SDKROOT; };
		68A5739E1C350D0600ADFED4 /* Moon-Phase-Full-icon.png */ = {isa = PBXFileReference; lastKnownFileType = image.png; name = "Moon-Phase-Full-icon.png"; path = "../../../../Desktop/icon/Moon-Phase-Full-icon.png"; sourceTree = "<group>"; };
		68A5739F1C350D0600ADFED4 /* weather-clear-icon.png */ = {isa = PBXFileReference; lastKnownFileType = image.png; name = "weather-clear-icon.png"; path = "../../../../Desktop/icon/weather-clear-icon.png"; sourceTree = "<group>"; };
		68A573A21C350EC500ADFED4 /* 0.png */ = {isa = PBXFileReference; lastKnownFileType = image.png; name = 0.png; path = "../../../../Downloads/VClouds Weather Icons/0.png"; sourceTree = "<group>"; };
		68A573A31C350EC500ADFED4 /* 1.png */ = {isa = PBXFileReference; lastKnownFileType = image.png; name = 1.png; path = "../../../../Downloads/VClouds Weather Icons/1.png"; sourceTree = "<group>"; };
		68A573A41C350EC500ADFED4 /* 2.png */ = {isa = PBXFileReference; lastKnownFileType = image.png; name = 2.png; path = "../../../../Downloads/VClouds Weather Icons/2.png"; sourceTree = "<group>"; };
		68A573A51C350EC500ADFED4 /* 3.png */ = {isa = PBXFileReference; lastKnownFileType = image.png; name = 3.png; path = "../../../../Downloads/VClouds Weather Icons/3.png"; sourceTree = "<group>"; };
		68A573A61C350EC500ADFED4 /* 4.png */ = {isa = PBXFileReference; lastKnownFileType = image.png; name = 4.png; path = "../../../../Downloads/VClouds Weather Icons/4.png"; sourceTree = "<group>"; };
		68A573A71C350EC500ADFED4 /* 5.png */ = {isa = PBXFileReference; lastKnownFileType = image.png; name = 5.png; path = "../../../../Downloads/VClouds Weather Icons/5.png"; sourceTree = "<group>"; };
		68A573A81C350EC500ADFED4 /* 6.png */ = {isa = PBXFileReference; lastKnownFileType = image.png; name = 6.png; path = "../../../../Downloads/VClouds Weather Icons/6.png"; sourceTree = "<group>"; };
		68A573A91C350EC500ADFED4 /* 7.png */ = {isa = PBXFileReference; lastKnownFileType = image.png; name = 7.png; path = "../../../../Downloads/VClouds Weather Icons/7.png"; sourceTree = "<group>"; };
		68A573AA1C350EC500ADFED4 /* 8.png */ = {isa = PBXFileReference; lastKnownFileType = image.png; name = 8.png; path = "../../../../Downloads/VClouds Weather Icons/8.png"; sourceTree = "<group>"; };
		68A573AB1C350EC500ADFED4 /* 9.png */ = {isa = PBXFileReference; lastKnownFileType = image.png; name = 9.png; path = "../../../../Downloads/VClouds Weather Icons/9.png"; sourceTree = "<group>"; };
		68A573AC1C350EC500ADFED4 /* 10.png */ = {isa = PBXFileReference; lastKnownFileType = image.png; name = 10.png; path = "../../../../Downloads/VClouds Weather Icons/10.png"; sourceTree = "<group>"; };
		68A573AD1C350EC500ADFED4 /* 11.png */ = {isa = PBXFileReference; lastKnownFileType = image.png; name = 11.png; path = "../../../../Downloads/VClouds Weather Icons/11.png"; sourceTree = "<group>"; };
		68A573AE1C350EC500ADFED4 /* 12.png */ = {isa = PBXFileReference; lastKnownFileType = image.png; name = 12.png; path = "../../../../Downloads/VClouds Weather Icons/12.png"; sourceTree = "<group>"; };
		68A573AF1C350EC500ADFED4 /* 13.png */ = {isa = PBXFileReference; lastKnownFileType = image.png; name = 13.png; path = "../../../../Downloads/VClouds Weather Icons/13.png"; sourceTree = "<group>"; };
		68A573B01C350EC500ADFED4 /* 14.png */ = {isa = PBXFileReference; lastKnownFileType = image.png; name = 14.png; path = "../../../../Downloads/VClouds Weather Icons/14.png"; sourceTree = "<group>"; };
		68A573B11C350EC500ADFED4 /* 15.png */ = {isa = PBXFileReference; lastKnownFileType = image.png; name = 15.png; path = "../../../../Downloads/VClouds Weather Icons/15.png"; sourceTree = "<group>"; };
		68A573B21C350EC500ADFED4 /* 16.png */ = {isa = PBXFileReference; lastKnownFileType = image.png; name = 16.png; path = "../../../../Downloads/VClouds Weather Icons/16.png"; sourceTree = "<group>"; };
		68A573B31C350EC500ADFED4 /* 17.png */ = {isa = PBXFileReference; lastKnownFileType = image.png; name = 17.png; path = "../../../../Downloads/VClouds Weather Icons/17.png"; sourceTree = "<group>"; };
		68A573B41C350EC500ADFED4 /* 18.png */ = {isa = PBXFileReference; lastKnownFileType = image.png; name = 18.png; path = "../../../../Downloads/VClouds Weather Icons/18.png"; sourceTree = "<group>"; };
		68A573B51C350EC500ADFED4 /* 19.png */ = {isa = PBXFileReference; lastKnownFileType = image.png; name = 19.png; path = "../../../../Downloads/VClouds Weather Icons/19.png"; sourceTree = "<group>"; };
		68A573B61C350EC500ADFED4 /* 20.png */ = {isa = PBXFileReference; lastKnownFileType = image.png; name = 20.png; path = "../../../../Downloads/VClouds Weather Icons/20.png"; sourceTree = "<group>"; };
		68A573B71C350EC500ADFED4 /* 21.png */ = {isa = PBXFileReference; lastKnownFileType = image.png; name = 21.png; path = "../../../../Downloads/VClouds Weather Icons/21.png"; sourceTree = "<group>"; };
		68A573B81C350EC500ADFED4 /* 22.png */ = {isa = PBXFileReference; lastKnownFileType = image.png; name = 22.png; path = "../../../../Downloads/VClouds Weather Icons/22.png"; sourceTree = "<group>"; };
		68A573B91C350EC500ADFED4 /* 23.png */ = {isa = PBXFileReference; lastKnownFileType = image.png; name = 23.png; path = "../../../../Downloads/VClouds Weather Icons/23.png"; sourceTree = "<group>"; };
		68A573BA1C350EC500ADFED4 /* 24.png */ = {isa = PBXFileReference; lastKnownFileType = image.png; name = 24.png; path = "../../../../Downloads/VClouds Weather Icons/24.png"; sourceTree = "<group>"; };
		68A573BB1C350EC500ADFED4 /* 25.png */ = {isa = PBXFileReference; lastKnownFileType = image.png; name = 25.png; path = "../../../../Downloads/VClouds Weather Icons/25.png"; sourceTree = "<group>"; };
		68A573BC1C350EC500ADFED4 /* 26.png */ = {isa = PBXFileReference; lastKnownFileType = image.png; name = 26.png; path = "../../../../Downloads/VClouds Weather Icons/26.png"; sourceTree = "<group>"; };
		68A573BD1C350EC500ADFED4 /* 27.png */ = {isa = PBXFileReference; lastKnownFileType = image.png; name = 27.png; path = "../../../../Downloads/VClouds Weather Icons/27.png"; sourceTree = "<group>"; };
		68A573BE1C350EC500ADFED4 /* 28.png */ = {isa = PBXFileReference; lastKnownFileType = image.png; name = 28.png; path = "../../../../Downloads/VClouds Weather Icons/28.png"; sourceTree = "<group>"; };
		68A573BF1C350EC500ADFED4 /* 29.png */ = {isa = PBXFileReference; lastKnownFileType = image.png; name = 29.png; path = "../../../../Downloads/VClouds Weather Icons/29.png"; sourceTree = "<group>"; };
		68A573C01C350EC500ADFED4 /* 30.png */ = {isa = PBXFileReference; lastKnownFileType = image.png; name = 30.png; path = "../../../../Downloads/VClouds Weather Icons/30.png"; sourceTree = "<group>"; };
		68A573C11C350EC500ADFED4 /* 31.png */ = {isa = PBXFileReference; lastKnownFileType = image.png; name = 31.png; path = "../../../../Downloads/VClouds Weather Icons/31.png"; sourceTree = "<group>"; };
		68A573C21C350EC500ADFED4 /* 32.png */ = {isa = PBXFileReference; lastKnownFileType = image.png; name = 32.png; path = "../../../../Downloads/VClouds Weather Icons/32.png"; sourceTree = "<group>"; };
		68A573C31C350EC500ADFED4 /* 33.png */ = {isa = PBXFileReference; lastKnownFileType = image.png; name = 33.png; path = "../../../../Downloads/VClouds Weather Icons/33.png"; sourceTree = "<group>"; };
		68A573C41C350EC500ADFED4 /* 34.png */ = {isa = PBXFileReference; lastKnownFileType = image.png; name = 34.png; path = "../../../../Downloads/VClouds Weather Icons/34.png"; sourceTree = "<group>"; };
		68A573C51C350EC500ADFED4 /* 35.png */ = {isa = PBXFileReference; lastKnownFileType = image.png; name = 35.png; path = "../../../../Downloads/VClouds Weather Icons/35.png"; sourceTree = "<group>"; };
		68A573C61C350EC500ADFED4 /* 36.png */ = {isa = PBXFileReference; lastKnownFileType = image.png; name = 36.png; path = "../../../../Downloads/VClouds Weather Icons/36.png"; sourceTree = "<group>"; };
		68A573C71C350EC500ADFED4 /* 37.png */ = {isa = PBXFileReference; lastKnownFileType = image.png; name = 37.png; path = "../../../../Downloads/VClouds Weather Icons/37.png"; sourceTree = "<group>"; };
		68A573C81C350EC500ADFED4 /* 38.png */ = {isa = PBXFileReference; lastKnownFileType = image.png; name = 38.png; path = "../../../../Downloads/VClouds Weather Icons/38.png"; sourceTree = "<group>"; };
		68A573C91C350EC500ADFED4 /* 39.png */ = {isa = PBXFileReference; lastKnownFileType = image.png; name = 39.png; path = "../../../../Downloads/VClouds Weather Icons/39.png"; sourceTree = "<group>"; };
		68A573CA1C350EC500ADFED4 /* 40.png */ = {isa = PBXFileReference; lastKnownFileType = image.png; name = 40.png; path = "../../../../Downloads/VClouds Weather Icons/40.png"; sourceTree = "<group>"; };
		68A573CB1C350EC500ADFED4 /* 41.png */ = {isa = PBXFileReference; lastKnownFileType = image.png; name = 41.png; path = "../../../../Downloads/VClouds Weather Icons/41.png"; sourceTree = "<group>"; };
		68A573CC1C350EC500ADFED4 /* 42.png */ = {isa = PBXFileReference; lastKnownFileType = image.png; name = 42.png; path = "../../../../Downloads/VClouds Weather Icons/42.png"; sourceTree = "<group>"; };
		68A573CD1C350EC500ADFED4 /* 43.png */ = {isa = PBXFileReference; lastKnownFileType = image.png; name = 43.png; path = "../../../../Downloads/VClouds Weather Icons/43.png"; sourceTree = "<group>"; };
		68A573CE1C350EC500ADFED4 /* 44.png */ = {isa = PBXFileReference; lastKnownFileType = image.png; name = 44.png; path = "../../../../Downloads/VClouds Weather Icons/44.png"; sourceTree = "<group>"; };
		68A573CF1C350EC500ADFED4 /* 45.png */ = {isa = PBXFileReference; lastKnownFileType = image.png; name = 45.png; path = "../../../../Downloads/VClouds Weather Icons/45.png"; sourceTree = "<group>"; };
		68A573D01C350EC500ADFED4 /* 46.png */ = {isa = PBXFileReference; lastKnownFileType = image.png; name = 46.png; path = "../../../../Downloads/VClouds Weather Icons/46.png"; sourceTree = "<group>"; };
		68A573D11C350EC500ADFED4 /* 47.png */ = {isa = PBXFileReference; lastKnownFileType = image.png; name = 47.png; path = "../../../../Downloads/VClouds Weather Icons/47.png"; sourceTree = "<group>"; };
		68A573D21C350EC500ADFED4 /* na.png */ = {isa = PBXFileReference; lastKnownFileType = image.png; name = na.png; path = "../../../../Downloads/VClouds Weather Icons/na.png"; sourceTree = "<group>"; };
		68A574041C360DC800ADFED4 /* 32_svg.svg */ = {isa = PBXFileReference; fileEncoding = 4; lastKnownFileType = text.xml; name = 32_svg.svg; path = ../../../../Desktop/icon/32_svg.svg; sourceTree = "<group>"; };
		68A574081C386F1B00ADFED4 /* MakeHTTPRequest.swift */ = {isa = PBXFileReference; fileEncoding = 4; lastKnownFileType = sourcecode.swift; path = MakeHTTPRequest.swift; sourceTree = "<group>"; };
/* End PBXFileReference section */

/* Begin PBXFrameworksBuildPhase section */
		68A573411C325CAA00ADFED4 /* Frameworks */ = {
			isa = PBXFrameworksBuildPhase;
			buildActionMask = 2147483647;
			files = (
				68A5735C1C335F7100ADFED4 /* Foundation.framework in Frameworks */,
				68A5735A1C32745200ADFED4 /* CoreLocation.framework in Frameworks */,
			);
			runOnlyForDeploymentPostprocessing = 0;
		};
/* End PBXFrameworksBuildPhase section */

/* Begin PBXGroup section */
		68A5733B1C325CAA00ADFED4 = {
			isa = PBXGroup;
			children = (
				68A5735B1C335F7100ADFED4 /* Foundation.framework */,
				68A573591C32745200ADFED4 /* CoreLocation.framework */,
				68A573461C325CAA00ADFED4 /* weather */,
				68A573451C325CAA00ADFED4 /* Products */,
			);
			sourceTree = "<group>";
		};
		68A573451C325CAA00ADFED4 /* Products */ = {
			isa = PBXGroup;
			children = (
				68A573441C325CAA00ADFED4 /* weather.app */,
			);
			name = Products;
			sourceTree = "<group>";
		};
		68A573461C325CAA00ADFED4 /* weather */ = {
			isa = PBXGroup;
			children = (
				68A5739D1C350CA400ADFED4 /* assets */,
				68A573471C325CAA00ADFED4 /* AppDelegate.swift */,
				68A573491C325CAA00ADFED4 /* ViewController.swift */,
				68A5734B1C325CAA00ADFED4 /* Main.storyboard */,
				68A5734E1C325CAA00ADFED4 /* Assets.xcassets */,
				68A573501C325CAA00ADFED4 /* LaunchScreen.storyboard */,
				68A573531C325CAA00ADFED4 /* Info.plist */,
				68A574081C386F1B00ADFED4 /* MakeHTTPRequest.swift */,
			);
			path = weather;
			sourceTree = "<group>";
		};
		68A5739D1C350CA400ADFED4 /* assets */ = {
			isa = PBXGroup;
			children = (
				68A574041C360DC800ADFED4 /* 32_svg.svg */,
				68A573A21C350EC500ADFED4 /* 0.png */,
				68A573A31C350EC500ADFED4 /* 1.png */,
				68A573A41C350EC500ADFED4 /* 2.png */,
				68A573A51C350EC500ADFED4 /* 3.png */,
				68A573A61C350EC500ADFED4 /* 4.png */,
				68A573A71C350EC500ADFED4 /* 5.png */,
				68A573A81C350EC500ADFED4 /* 6.png */,
				68A573A91C350EC500ADFED4 /* 7.png */,
				68A573AA1C350EC500ADFED4 /* 8.png */,
				68A573AB1C350EC500ADFED4 /* 9.png */,
				68A573AC1C350EC500ADFED4 /* 10.png */,
				68A573AD1C350EC500ADFED4 /* 11.png */,
				68A573AE1C350EC500ADFED4 /* 12.png */,
				68A573AF1C350EC500ADFED4 /* 13.png */,
				68A573B01C350EC500ADFED4 /* 14.png */,
				68A573B11C350EC500ADFED4 /* 15.png */,
				68A573B21C350EC500ADFED4 /* 16.png */,
				68A573B31C350EC500ADFED4 /* 17.png */,
				68A573B41C350EC500ADFED4 /* 18.png */,
				68A573B51C350EC500ADFED4 /* 19.png */,
				68A573B61C350EC500ADFED4 /* 20.png */,
				68A573B71C350EC500ADFED4 /* 21.png */,
				68A573B81C350EC500ADFED4 /* 22.png */,
				68A573B91C350EC500ADFED4 /* 23.png */,
				68A573BA1C350EC500ADFED4 /* 24.png */,
				68A573BB1C350EC500ADFED4 /* 25.png */,
				68A573BC1C350EC500ADFED4 /* 26.png */,
				68A573BD1C350EC500ADFED4 /* 27.png */,
				68A573BE1C350EC500ADFED4 /* 28.png */,
				68A573BF1C350EC500ADFED4 /* 29.png */,
				68A573C01C350EC500ADFED4 /* 30.png */,
				68A573C11C350EC500ADFED4 /* 31.png */,
				68A573C21C350EC500ADFED4 /* 32.png */,
				68A573C31C350EC500ADFED4 /* 33.png */,
				68A573C41C350EC500ADFED4 /* 34.png */,
				68A573C51C350EC500ADFED4 /* 35.png */,
				68A573C61C350EC500ADFED4 /* 36.png */,
				68A573C71C350EC500ADFED4 /* 37.png */,
				68A573C81C350EC500ADFED4 /* 38.png */,
				68A573C91C350EC500ADFED4 /* 39.png */,
				68A573CA1C350EC500ADFED4 /* 40.png */,
				68A573CB1C350EC500ADFED4 /* 41.png */,
				68A573CC1C350EC500ADFED4 /* 42.png */,
				68A573CD1C350EC500ADFED4 /* 43.png */,
				68A573CE1C350EC500ADFED4 /* 44.png */,
				68A573CF1C350EC500ADFED4 /* 45.png */,
				68A573D01C350EC500ADFED4 /* 46.png */,
				68A573D11C350EC500ADFED4 /* 47.png */,
				68A573D21C350EC500ADFED4 /* na.png */,
				68A5739E1C350D0600ADFED4 /* Moon-Phase-Full-icon.png */,
				68A5739F1C350D0600ADFED4 /* weather-clear-icon.png */,
			);
			name = assets;
			sourceTree = "<group>";
		};
/* End PBXGroup section */

/* Begin PBXNativeTarget section */
		68A573431C325CAA00ADFED4 /* weather */ = {
			isa = PBXNativeTarget;
			buildConfigurationList = 68A573561C325CAA00ADFED4 /* Build configuration list for PBXNativeTarget "weather" */;
			buildPhases = (
				68A573401C325CAA00ADFED4 /* Sources */,
				68A573411C325CAA00ADFED4 /* Frameworks */,
				68A573421C325CAA00ADFED4 /* Resources */,
			);
			buildRules = (
			);
			dependencies = (
			);
			name = weather;
			productName = weather;
			productReference = 68A573441C325CAA00ADFED4 /* weather.app */;
			productType = "com.apple.product-type.application";
		};
/* End PBXNativeTarget section */

/* Begin PBXProject section */
		68A5733C1C325CAA00ADFED4 /* Project object */ = {
			isa = PBXProject;
			attributes = {
				LastSwiftUpdateCheck = 0720;
				LastUpgradeCheck = 0720;
				ORGANIZATIONNAME = "Vipul Suthar";
				TargetAttributes = {
					68A573431C325CAA00ADFED4 = {
						CreatedOnToolsVersion = 7.2;
					};
				};
			};
			buildConfigurationList = 68A5733F1C325CAA00ADFED4 /* Build configuration list for PBXProject "weather" */;
			compatibilityVersion = "Xcode 3.2";
			developmentRegion = English;
			hasScannedForEncodings = 0;
			knownRegions = (
				en,
				Base,
			);
			mainGroup = 68A5733B1C325CAA00ADFED4;
			productRefGroup = 68A573451C325CAA00ADFED4 /* Products */;
			projectDirPath = "";
			projectRoot = "";
			targets = (
				68A573431C325CAA00ADFED4 /* weather */,
			);
		};
/* End PBXProject section */

/* Begin PBXResourcesBuildPhase section */
		68A573421C325CAA00ADFED4 /* Resources */ = {
			isa = PBXResourcesBuildPhase;
			buildActionMask = 2147483647;
			files = (
				68A573F51C350EC500ADFED4 /* 34.png in Resources */,
				68A573EC1C350EC500ADFED4 /* 25.png in Resources */,
				68A573ED1C350EC500ADFED4 /* 26.png in Resources */,
				68A574001C350EC500ADFED4 /* 45.png in Resources */,
				68A573E21C350EC500ADFED4 /* 15.png in Resources */,
				68A573E91C350EC500ADFED4 /* 22.png in Resources */,
				68A573F11C350EC500ADFED4 /* 30.png in Resources */,
				68A573D81C350EC500ADFED4 /* 5.png in Resources */,
				68A573DA1C350EC500ADFED4 /* 7.png in Resources */,
				68A573FC1C350EC500ADFED4 /* 41.png in Resources */,
				68A573F81C350EC500ADFED4 /* 37.png in Resources */,
				68A574051C360DC800ADFED4 /* 32_svg.svg in Resources */,
				68A573FE1C350EC500ADFED4 /* 43.png in Resources */,
				68A573D31C350EC500ADFED4 /* 0.png in Resources */,
				68A573EB1C350EC500ADFED4 /* 24.png in Resources */,
				68A573DC1C350EC500ADFED4 /* 9.png in Resources */,
				68A573E41C350EC500ADFED4 /* 17.png in Resources */,
				68A573A01C350D0600ADFED4 /* Moon-Phase-Full-icon.png in Resources */,
				68A573FD1C350EC500ADFED4 /* 42.png in Resources */,
				68A573D51C350EC500ADFED4 /* 2.png in Resources */,
				68A573F41C350EC500ADFED4 /* 33.png in Resources */,
				68A574031C350EC500ADFED4 /* na.png in Resources */,
				68A573D61C350EC500ADFED4 /* 3.png in Resources */,
				68A573F71C350EC500ADFED4 /* 36.png in Resources */,
				68A573DE1C350EC500ADFED4 /* 11.png in Resources */,
				68A573EE1C350EC500ADFED4 /* 27.png in Resources */,
				68A573F01C350EC500ADFED4 /* 29.png in Resources */,
				68A573E61C350EC500ADFED4 /* 19.png in Resources */,
				68A573FF1C350EC500ADFED4 /* 44.png in Resources */,
				68A573DB1C350EC500ADFED4 /* 8.png in Resources */,
				68A573EF1C350EC500ADFED4 /* 28.png in Resources */,
				68A573F61C350EC500ADFED4 /* 35.png in Resources */,
				68A573E01C350EC500ADFED4 /* 13.png in Resources */,
				68A573E71C350EC500ADFED4 /* 20.png in Resources */,
				68A573E11C350EC500ADFED4 /* 14.png in Resources */,
				68A573521C325CAA00ADFED4 /* LaunchScreen.storyboard in Resources */,
				68A573D91C350EC500ADFED4 /* 6.png in Resources */,
				68A573E81C350EC500ADFED4 /* 21.png in Resources */,
				68A573DD1C350EC500ADFED4 /* 10.png in Resources */,
				68A573F91C350EC500ADFED4 /* 38.png in Resources */,
				68A573F21C350EC500ADFED4 /* 31.png in Resources */,
				68A574011C350EC500ADFED4 /* 46.png in Resources */,
				68A573F31C350EC500ADFED4 /* 32.png in Resources */,
				68A573DF1C350EC500ADFED4 /* 12.png in Resources */,
				68A573A11C350D0600ADFED4 /* weather-clear-icon.png in Resources */,
				68A573FB1C350EC500ADFED4 /* 40.png in Resources */,
				68A573E51C350EC500ADFED4 /* 18.png in Resources */,
				68A573EA1C350EC500ADFED4 /* 23.png in Resources */,
				68A5734F1C325CAA00ADFED4 /* Assets.xcassets in Resources */,
				68A573FA1C350EC500ADFED4 /* 39.png in Resources */,
				68A573E31C350EC500ADFED4 /* 16.png in Resources */,
				68A5734D1C325CAA00ADFED4 /* Main.storyboard in Resources */,
				68A573D71C350EC500ADFED4 /* 4.png in Resources */,
				68A573D41C350EC500ADFED4 /* 1.png in Resources */,
				68A574021C350EC500ADFED4 /* 47.png in Resources */,
			);
			runOnlyForDeploymentPostprocessing = 0;
		};
/* End PBXResourcesBuildPhase section */

/* Begin PBXSourcesBuildPhase section */
		68A573401C325CAA00ADFED4 /* Sources */ = {
			isa = PBXSourcesBuildPhase;
			buildActionMask = 2147483647;
			files = (
				68A574091C386F1C00ADFED4 /* MakeHTTPRequest.swift in Sources */,
				68A5734A1C325CAA00ADFED4 /* ViewController.swift in Sources */,
				68A573481C325CAA00ADFED4 /* AppDelegate.swift in Sources */,
			);
			runOnlyForDeploymentPostprocessing = 0;
		};
/* End PBXSourcesBuildPhase section */

/* Begin PBXVariantGroup section */
		68A5734B1C325CAA00ADFED4 /* Main.storyboard */ = {
			isa = PBXVariantGroup;
			children = (
				68A5734C1C325CAA00ADFED4 /* Base */,
			);
			name = Main.storyboard;
			sourceTree = "<group>";
		};
		68A573501C325CAA00ADFED4 /* LaunchScreen.storyboard */ = {
			isa = PBXVariantGroup;
			children = (
				68A573511C325CAA00ADFED4 /* Base */,
			);
			name = LaunchScreen.storyboard;
			sourceTree = "<group>";
		};
/* End PBXVariantGroup section */

/* Begin XCBuildConfiguration section */
		68A573541C325CAA00ADFED4 /* Debug */ = {
			isa = XCBuildConfiguration;
			buildSettings = {
				ALWAYS_SEARCH_USER_PATHS = NO;
				CLANG_CXX_LANGUAGE_STANDARD = "gnu++0x";
				CLANG_CXX_LIBRARY = "libc++";
				CLANG_ENABLE_MODULES = YES;
				CLANG_ENABLE_OBJC_ARC = YES;
				CLANG_WARN_BOOL_CONVERSION = YES;
				CLANG_WARN_CONSTANT_CONVERSION = YES;
				CLANG_WARN_DIRECT_OBJC_ISA_USAGE = YES_ERROR;
				CLANG_WARN_EMPTY_BODY = YES;
				CLANG_WARN_ENUM_CONVERSION = YES;
				CLANG_WARN_INT_CONVERSION = YES;
				CLANG_WARN_OBJC_ROOT_CLASS = YES_ERROR;
				CLANG_WARN_UNREACHABLE_CODE = YES;
				CLANG_WARN__DUPLICATE_METHOD_MATCH = YES;
				"CODE_SIGN_IDENTITY[sdk=iphoneos*]" = "iPhone Developer";
				COPY_PHASE_STRIP = NO;
				DEBUG_INFORMATION_FORMAT = dwarf;
				ENABLE_STRICT_OBJC_MSGSEND = YES;
				ENABLE_TESTABILITY = YES;
				GCC_C_LANGUAGE_STANDARD = gnu99;
				GCC_DYNAMIC_NO_PIC = NO;
				GCC_NO_COMMON_BLOCKS = YES;
				GCC_OPTIMIZATION_LEVEL = 0;
				GCC_PREPROCESSOR_DEFINITIONS = (
					"DEBUG=1",
					"$(inherited)",
				);
				GCC_WARN_64_TO_32_BIT_CONVERSION = YES;
				GCC_WARN_ABOUT_RETURN_TYPE = YES_ERROR;
				GCC_WARN_UNDECLARED_SELECTOR = YES;
				GCC_WARN_UNINITIALIZED_AUTOS = YES_AGGRESSIVE;
				GCC_WARN_UNUSED_FUNCTION = YES;
				GCC_WARN_UNUSED_VARIABLE = YES;
				IPHONEOS_DEPLOYMENT_TARGET = 9.2;
				MTL_ENABLE_DEBUG_INFO = YES;
				ONLY_ACTIVE_ARCH = YES;
				SDKROOT = iphoneos;
				SWIFT_OPTIMIZATION_LEVEL = "-Onone";
				TARGETED_DEVICE_FAMILY = "1,2";
			};
			name = Debug;
		};
		68A573551C325CAA00ADFED4 /* Release */ = {
			isa = XCBuildConfiguration;
			buildSettings = {
				ALWAYS_SEARCH_USER_PATHS = NO;
				CLANG_CXX_LANGUAGE_STANDARD = "gnu++0x";
				CLANG_CXX_LIBRARY = "libc++";
				CLANG_ENABLE_MODULES = YES;
				CLANG_ENABLE_OBJC_ARC = YES;
				CLANG_WARN_BOOL_CONVERSION = YES;
				CLANG_WARN_CONSTANT_CONVERSION = YES;
				CLANG_WARN_DIRECT_OBJC_ISA_USAGE = YES_ERROR;
				CLANG_WARN_EMPTY_BODY = YES;
				CLANG_WARN_ENUM_CONVERSION = YES;
				CLANG_WARN_INT_CONVERSION = YES;
				CLANG_WARN_OBJC_ROOT_CLASS = YES_ERROR;
				CLANG_WARN_UNREACHABLE_CODE = YES;
				CLANG_WARN__DUPLICATE_METHOD_MATCH = YES;
				"CODE_SIGN_IDENTITY[sdk=iphoneos*]" = "iPhone Developer";
				COPY_PHASE_STRIP = NO;
				DEBUG_INFORMATION_FORMAT = "dwarf-with-dsym";
				ENABLE_NS_ASSERTIONS = NO;
				ENABLE_STRICT_OBJC_MSGSEND = YES;
				GCC_C_LANGUAGE_STANDARD = gnu99;
				GCC_NO_COMMON_BLOCKS = YES;
				GCC_WARN_64_TO_32_BIT_CONVERSION = YES;
				GCC_WARN_ABOUT_RETURN_TYPE = YES_ERROR;
				GCC_WARN_UNDECLARED_SELECTOR = YES;
				GCC_WARN_UNINITIALIZED_AUTOS = YES_AGGRESSIVE;
				GCC_WARN_UNUSED_FUNCTION = YES;
				GCC_WARN_UNUSED_VARIABLE = YES;
				IPHONEOS_DEPLOYMENT_TARGET = 9.2;
				MTL_ENABLE_DEBUG_INFO = NO;
				SDKROOT = iphoneos;
				TARGETED_DEVICE_FAMILY = "1,2";
				VALIDATE_PRODUCT = YES;
			};
			name = Release;
		};
		68A573571C325CAA00ADFED4 /* Debug */ = {
			isa = XCBuildConfiguration;
			buildSettings = {
				ASSETCATALOG_COMPILER_APPICON_NAME = AppIcon;
				INFOPLIST_FILE = weather/Info.plist;
				LD_RUNPATH_SEARCH_PATHS = "$(inherited) @executable_path/Frameworks";
				PRODUCT_BUNDLE_IDENTIFIER = com.vipul.weather;
				PRODUCT_NAME = "$(TARGET_NAME)";
			};
			name = Debug;
		};
		68A573581C325CAA00ADFED4 /* Release */ = {
			isa = XCBuildConfiguration;
			buildSettings = {
				ASSETCATALOG_COMPILER_APPICON_NAME = AppIcon;
				INFOPLIST_FILE = weather/Info.plist;
				LD_RUNPATH_SEARCH_PATHS = "$(inherited) @executable_path/Frameworks";
				PRODUCT_BUNDLE_IDENTIFIER = com.vipul.weather;
				PRODUCT_NAME = "$(TARGET_NAME)";
			};
			name = Release;
		};
/* End XCBuildConfiguration section */

/* Begin XCConfigurationList section */
		68A5733F1C325CAA00ADFED4 /* Build configuration list for PBXProject "weather" */ = {
			isa = XCConfigurationList;
			buildConfigurations = (
				68A573541C325CAA00ADFED4 /* Debug */,
				68A573551C325CAA00ADFED4 /* Release */,
			);
			defaultConfigurationIsVisible = 0;
			defaultConfigurationName = Release;
		};
		68A573561C325CAA00ADFED4 /* Build configuration list for PBXNativeTarget "weather" */ = {
			isa = XCConfigurationList;
			buildConfigurations = (
				68A573571C325CAA00ADFED4 /* Debug */,
				68A573581C325CAA00ADFED4 /* Release */,
			);
			defaultConfigurationIsVisible = 0;
			defaultConfigurationName = Release;
		};
/* End XCConfigurationList section */
	};
	rootObject = 68A5733C1C325CAA00ADFED4 /* Project object */;
}
